// !$*UTF8*$!
{
	archiveVersion = 1;
	classes = {
	};
	objectVersion = 51;
	objects = {

/* Begin PBXBuildFile section */
		427E2336997A7B98402FFC79 /* Pods_KitchenPlan.framework in Frameworks */ = {isa = PBXBuildFile; fileRef = 02909C81C3DED03A93572AA5 /* Pods_KitchenPlan.framework */; };
		6D46480D263483E3009DCCD3 /* AppDelegate.swift in Sources */ = {isa = PBXBuildFile; fileRef = 6D46480C263483E3009DCCD3 /* AppDelegate.swift */; };
		6D46480F263483E3009DCCD3 /* SceneDelegate.swift in Sources */ = {isa = PBXBuildFile; fileRef = 6D46480E263483E3009DCCD3 /* SceneDelegate.swift */; };
		6D464811263483E3009DCCD3 /* ContentView.swift in Sources */ = {isa = PBXBuildFile; fileRef = 6D464810263483E3009DCCD3 /* ContentView.swift */; };
		6D464813263483E4009DCCD3 /* Assets.xcassets in Resources */ = {isa = PBXBuildFile; fileRef = 6D464812263483E4009DCCD3 /* Assets.xcassets */; };
		6D464816263483E4009DCCD3 /* Preview Assets.xcassets in Resources */ = {isa = PBXBuildFile; fileRef = 6D464815263483E4009DCCD3 /* Preview Assets.xcassets */; };
		6D464824263483E4009DCCD3 /* KitchenPlanTests.swift in Sources */ = {isa = PBXBuildFile; fileRef = 6D464823263483E4009DCCD3 /* KitchenPlanTests.swift */; };
		6D46482F263483E4009DCCD3 /* KitchenPlanUITests.swift in Sources */ = {isa = PBXBuildFile; fileRef = 6D46482E263483E4009DCCD3 /* KitchenPlanUITests.swift */; };
		BCB3DCAE1D39FF8C93972497 /* Pods_KitchenPlan_KitchenPlanUITests.framework in Frameworks */ = {isa = PBXBuildFile; fileRef = 2857C361F8B5C9551F73D317 /* Pods_KitchenPlan_KitchenPlanUITests.framework */; };
		C52C32C6BE72323F2D4A7EE8 /* Pods_KitchenPlanTests.framework in Frameworks */ = {isa = PBXBuildFile; fileRef = 739738091A058388D61322AE /* Pods_KitchenPlanTests.framework */; };
/* End PBXBuildFile section */

/* Begin PBXContainerItemProxy section */
		6D464820263483E4009DCCD3 /* PBXContainerItemProxy */ = {
			isa = PBXContainerItemProxy;
			containerPortal = 6D464801263483E3009DCCD3 /* Project object */;
			proxyType = 1;
			remoteGlobalIDString = 6D464808263483E3009DCCD3;
			remoteInfo = KitchenPlan;
		};
		6D46482B263483E4009DCCD3 /* PBXContainerItemProxy */ = {
			isa = PBXContainerItemProxy;
			containerPortal = 6D464801263483E3009DCCD3 /* Project object */;
			proxyType = 1;
			remoteGlobalIDString = 6D464808263483E3009DCCD3;
			remoteInfo = KitchenPlan;
		};
/* End PBXContainerItemProxy section */

/* Begin PBXFileReference section */
		02909C81C3DED03A93572AA5 /* Pods_KitchenPlan.framework */ = {isa = PBXFileReference; explicitFileType = wrapper.framework; includeInIndex = 0; path = Pods_KitchenPlan.framework; sourceTree = BUILT_PRODUCTS_DIR; };
		2857C361F8B5C9551F73D317 /* Pods_KitchenPlan_KitchenPlanUITests.framework */ = {isa = PBXFileReference; explicitFileType = wrapper.framework; includeInIndex = 0; path = Pods_KitchenPlan_KitchenPlanUITests.framework; sourceTree = BUILT_PRODUCTS_DIR; };
		46726ED1B15232B8033D030C /* Pods-KitchenPlan.debug.xcconfig */ = {isa = PBXFileReference; includeInIndex = 1; lastKnownFileType = text.xcconfig; name = "Pods-KitchenPlan.debug.xcconfig"; path = "Target Support Files/Pods-KitchenPlan/Pods-KitchenPlan.debug.xcconfig"; sourceTree = "<group>"; };
		6D464809263483E3009DCCD3 /* KitchenPlan.app */ = {isa = PBXFileReference; explicitFileType = wrapper.application; includeInIndex = 0; path = KitchenPlan.app; sourceTree = BUILT_PRODUCTS_DIR; };
		6D46480C263483E3009DCCD3 /* AppDelegate.swift */ = {isa = PBXFileReference; lastKnownFileType = sourcecode.swift; path = AppDelegate.swift; sourceTree = "<group>"; };
		6D46480E263483E3009DCCD3 /* SceneDelegate.swift */ = {isa = PBXFileReference; lastKnownFileType = sourcecode.swift; path = SceneDelegate.swift; sourceTree = "<group>"; };
		6D464810263483E3009DCCD3 /* ContentView.swift */ = {isa = PBXFileReference; lastKnownFileType = sourcecode.swift; path = ContentView.swift; sourceTree = "<group>"; };
		6D464812263483E4009DCCD3 /* Assets.xcassets */ = {isa = PBXFileReference; lastKnownFileType = folder.assetcatalog; path = Assets.xcassets; sourceTree = "<group>"; };
		6D464815263483E4009DCCD3 /* Preview Assets.xcassets */ = {isa = PBXFileReference; lastKnownFileType = folder.assetcatalog; path = "Preview Assets.xcassets"; sourceTree = "<group>"; };
		6D46481A263483E4009DCCD3 /* Info.plist */ = {isa = PBXFileReference; lastKnownFileType = text.plist.xml; path = Info.plist; sourceTree = "<group>"; };
		6D46481F263483E4009DCCD3 /* KitchenPlanTests.xctest */ = {isa = PBXFileReference; explicitFileType = wrapper.cfbundle; includeInIndex = 0; path = KitchenPlanTests.xctest; sourceTree = BUILT_PRODUCTS_DIR; };
		6D464823263483E4009DCCD3 /* KitchenPlanTests.swift */ = {isa = PBXFileReference; lastKnownFileType = sourcecode.swift; path = KitchenPlanTests.swift; sourceTree = "<group>"; };
		6D464825263483E4009DCCD3 /* Info.plist */ = {isa = PBXFileReference; lastKnownFileType = text.plist.xml; path = Info.plist; sourceTree = "<group>"; };
		6D46482A263483E4009DCCD3 /* KitchenPlanUITests.xctest */ = {isa = PBXFileReference; explicitFileType = wrapper.cfbundle; includeInIndex = 0; path = KitchenPlanUITests.xctest; sourceTree = BUILT_PRODUCTS_DIR; };
		6D46482E263483E4009DCCD3 /* KitchenPlanUITests.swift */ = {isa = PBXFileReference; lastKnownFileType = sourcecode.swift; path = KitchenPlanUITests.swift; sourceTree = "<group>"; };
		6D464830263483E4009DCCD3 /* Info.plist */ = {isa = PBXFileReference; lastKnownFileType = text.plist.xml; path = Info.plist; sourceTree = "<group>"; };
		739738091A058388D61322AE /* Pods_KitchenPlanTests.framework */ = {isa = PBXFileReference; explicitFileType = wrapper.framework; includeInIndex = 0; path = Pods_KitchenPlanTests.framework; sourceTree = BUILT_PRODUCTS_DIR; };
		8ED5A3E29B5DE599838A9C4C /* Pods-KitchenPlan.release.xcconfig */ = {isa = PBXFileReference; includeInIndex = 1; lastKnownFileType = text.xcconfig; name = "Pods-KitchenPlan.release.xcconfig"; path = "Target Support Files/Pods-KitchenPlan/Pods-KitchenPlan.release.xcconfig"; sourceTree = "<group>"; };
		948658C12932B1496D7E154D /* Pods-KitchenPlanTests.debug.xcconfig */ = {isa = PBXFileReference; includeInIndex = 1; lastKnownFileType = text.xcconfig; name = "Pods-KitchenPlanTests.debug.xcconfig"; path = "Target Support Files/Pods-KitchenPlanTests/Pods-KitchenPlanTests.debug.xcconfig"; sourceTree = "<group>"; };
		9BF90BE416267D48C85F5AD8 /* Pods-KitchenPlan-KitchenPlanUITests.debug.xcconfig */ = {isa = PBXFileReference; includeInIndex = 1; lastKnownFileType = text.xcconfig; name = "Pods-KitchenPlan-KitchenPlanUITests.debug.xcconfig"; path = "Target Support Files/Pods-KitchenPlan-KitchenPlanUITests/Pods-KitchenPlan-KitchenPlanUITests.debug.xcconfig"; sourceTree = "<group>"; };
		AD95B1AE4B2B1657555BFEAB /* Pods-KitchenPlan-KitchenPlanUITests.release.xcconfig */ = {isa = PBXFileReference; includeInIndex = 1; lastKnownFileType = text.xcconfig; name = "Pods-KitchenPlan-KitchenPlanUITests.release.xcconfig"; path = "Target Support Files/Pods-KitchenPlan-KitchenPlanUITests/Pods-KitchenPlan-KitchenPlanUITests.release.xcconfig"; sourceTree = "<group>"; };
		EE96DAA122D18A90447F2319 /* Pods-KitchenPlanTests.release.xcconfig */ = {isa = PBXFileReference; includeInIndex = 1; lastKnownFileType = text.xcconfig; name = "Pods-KitchenPlanTests.release.xcconfig"; path = "Target Support Files/Pods-KitchenPlanTests/Pods-KitchenPlanTests.release.xcconfig"; sourceTree = "<group>"; };
/* End PBXFileReference section */

/* Begin PBXFrameworksBuildPhase section */
		6D464806263483E3009DCCD3 /* Frameworks */ = {
			isa = PBXFrameworksBuildPhase;
			buildActionMask = 2147483647;
			files = (
				427E2336997A7B98402FFC79 /* Pods_KitchenPlan.framework in Frameworks */,
			);
			runOnlyForDeploymentPostprocessing = 0;
		};
		6D46481C263483E4009DCCD3 /* Frameworks */ = {
			isa = PBXFrameworksBuildPhase;
			buildActionMask = 2147483647;
			files = (
				C52C32C6BE72323F2D4A7EE8 /* Pods_KitchenPlanTests.framework in Frameworks */,
			);
			runOnlyForDeploymentPostprocessing = 0;
		};
		6D464827263483E4009DCCD3 /* Frameworks */ = {
			isa = PBXFrameworksBuildPhase;
			buildActionMask = 2147483647;
			files = (
				BCB3DCAE1D39FF8C93972497 /* Pods_KitchenPlan_KitchenPlanUITests.framework in Frameworks */,
			);
			runOnlyForDeploymentPostprocessing = 0;
		};
/* End PBXFrameworksBuildPhase section */

/* Begin PBXGroup section */
		07EE01CCDF6B874CFB7D9E99 /* Pods */ = {
			isa = PBXGroup;
			children = (
				46726ED1B15232B8033D030C /* Pods-KitchenPlan.debug.xcconfig */,
				8ED5A3E29B5DE599838A9C4C /* Pods-KitchenPlan.release.xcconfig */,
				9BF90BE416267D48C85F5AD8 /* Pods-KitchenPlan-KitchenPlanUITests.debug.xcconfig */,
				AD95B1AE4B2B1657555BFEAB /* Pods-KitchenPlan-KitchenPlanUITests.release.xcconfig */,
				948658C12932B1496D7E154D /* Pods-KitchenPlanTests.debug.xcconfig */,
				EE96DAA122D18A90447F2319 /* Pods-KitchenPlanTests.release.xcconfig */,
			);
			path = Pods;
			sourceTree = "<group>";
		};
		328B2E9CC3802EBC1283193C /* Frameworks */ = {
			isa = PBXGroup;
			children = (
				02909C81C3DED03A93572AA5 /* Pods_KitchenPlan.framework */,
				2857C361F8B5C9551F73D317 /* Pods_KitchenPlan_KitchenPlanUITests.framework */,
				739738091A058388D61322AE /* Pods_KitchenPlanTests.framework */,
			);
			name = Frameworks;
			sourceTree = "<group>";
		};
		6D464800263483E3009DCCD3 = {
			isa = PBXGroup;
			children = (
				6D46480B263483E3009DCCD3 /* KitchenPlan */,
				6D464822263483E4009DCCD3 /* KitchenPlanTests */,
				6D46482D263483E4009DCCD3 /* KitchenPlanUITests */,
				6D46480A263483E3009DCCD3 /* Products */,
				07EE01CCDF6B874CFB7D9E99 /* Pods */,
				328B2E9CC3802EBC1283193C /* Frameworks */,
			);
			sourceTree = "<group>";
		};
		6D46480A263483E3009DCCD3 /* Products */ = {
			isa = PBXGroup;
			children = (
				6D464809263483E3009DCCD3 /* KitchenPlan.app */,
				6D46481F263483E4009DCCD3 /* KitchenPlanTests.xctest */,
				6D46482A263483E4009DCCD3 /* KitchenPlanUITests.xctest */,
			);
			name = Products;
			sourceTree = "<group>";
		};
		6D46480B263483E3009DCCD3 /* KitchenPlan */ = {
			isa = PBXGroup;
			children = (
				6D46480C263483E3009DCCD3 /* AppDelegate.swift */,
				6D46480E263483E3009DCCD3 /* SceneDelegate.swift */,
				6D464810263483E3009DCCD3 /* ContentView.swift */,
				6D464812263483E4009DCCD3 /* Assets.xcassets */,
				6D46481A263483E4009DCCD3 /* Info.plist */,
				6D464814263483E4009DCCD3 /* Preview Content */,
			);
			path = KitchenPlan;
			sourceTree = "<group>";
		};
		6D464814263483E4009DCCD3 /* Preview Content */ = {
			isa = PBXGroup;
			children = (
				6D464815263483E4009DCCD3 /* Preview Assets.xcassets */,
			);
			path = "Preview Content";
			sourceTree = "<group>";
		};
		6D464822263483E4009DCCD3 /* KitchenPlanTests */ = {
			isa = PBXGroup;
			children = (
				6D464823263483E4009DCCD3 /* KitchenPlanTests.swift */,
				6D464825263483E4009DCCD3 /* Info.plist */,
			);
			path = KitchenPlanTests;
			sourceTree = "<group>";
		};
		6D46482D263483E4009DCCD3 /* KitchenPlanUITests */ = {
			isa = PBXGroup;
			children = (
				6D46482E263483E4009DCCD3 /* KitchenPlanUITests.swift */,
				6D464830263483E4009DCCD3 /* Info.plist */,
			);
			path = KitchenPlanUITests;
			sourceTree = "<group>";
		};
/* End PBXGroup section */

/* Begin PBXNativeTarget section */
		6D464808263483E3009DCCD3 /* KitchenPlan */ = {
			isa = PBXNativeTarget;
			buildConfigurationList = 6D464833263483E4009DCCD3 /* Build configuration list for PBXNativeTarget "KitchenPlan" */;
			buildPhases = (
				459359959CE1E91CAD2D511D /* [CP] Check Pods Manifest.lock */,
				6D464805263483E3009DCCD3 /* Sources */,
				6D464806263483E3009DCCD3 /* Frameworks */,
				6D464807263483E3009DCCD3 /* Resources */,
				3BCA9C95564FEA6D81A111AA /* [CP] Embed Pods Frameworks */,
			);
			buildRules = (
			);
			dependencies = (
			);
			name = KitchenPlan;
			productName = KitchenPlan;
			productReference = 6D464809263483E3009DCCD3 /* KitchenPlan.app */;
			productType = "com.apple.product-type.application";
		};
		6D46481E263483E4009DCCD3 /* KitchenPlanTests */ = {
			isa = PBXNativeTarget;
			buildConfigurationList = 6D464836263483E4009DCCD3 /* Build configuration list for PBXNativeTarget "KitchenPlanTests" */;
			buildPhases = (
				3DA225D22216DD61A5F42098 /* [CP] Check Pods Manifest.lock */,
				6D46481B263483E4009DCCD3 /* Sources */,
				6D46481C263483E4009DCCD3 /* Frameworks */,
				6D46481D263483E4009DCCD3 /* Resources */,
			);
			buildRules = (
			);
			dependencies = (
				6D464821263483E4009DCCD3 /* PBXTargetDependency */,
			);
			name = KitchenPlanTests;
			productName = KitchenPlanTests;
			productReference = 6D46481F263483E4009DCCD3 /* KitchenPlanTests.xctest */;
			productType = "com.apple.product-type.bundle.unit-test";
		};
		6D464829263483E4009DCCD3 /* KitchenPlanUITests */ = {
			isa = PBXNativeTarget;
			buildConfigurationList = 6D464839263483E4009DCCD3 /* Build configuration list for PBXNativeTarget "KitchenPlanUITests" */;
			buildPhases = (
				D1656FF18B43C3856F43C203 /* [CP] Check Pods Manifest.lock */,
				6D464826263483E4009DCCD3 /* Sources */,
				6D464827263483E4009DCCD3 /* Frameworks */,
				6D464828263483E4009DCCD3 /* Resources */,
				33883E84741D7802F6347004 /* [CP] Embed Pods Frameworks */,
			);
			buildRules = (
			);
			dependencies = (
				6D46482C263483E4009DCCD3 /* PBXTargetDependency */,
			);
			name = KitchenPlanUITests;
			productName = KitchenPlanUITests;
			productReference = 6D46482A263483E4009DCCD3 /* KitchenPlanUITests.xctest */;
			productType = "com.apple.product-type.bundle.ui-testing";
		};
/* End PBXNativeTarget section */

/* Begin PBXProject section */
		6D464801263483E3009DCCD3 /* Project object */ = {
			isa = PBXProject;
			attributes = {
				LastSwiftUpdateCheck = 1250;
				LastUpgradeCheck = 1250;
				TargetAttributes = {
					6D464808263483E3009DCCD3 = {
						CreatedOnToolsVersion = 12.5;
					};
					6D46481E263483E4009DCCD3 = {
						CreatedOnToolsVersion = 12.5;
						TestTargetID = 6D464808263483E3009DCCD3;
					};
					6D464829263483E4009DCCD3 = {
						CreatedOnToolsVersion = 12.5;
						TestTargetID = 6D464808263483E3009DCCD3;
					};
				};
			};
			buildConfigurationList = 6D464804263483E3009DCCD3 /* Build configuration list for PBXProject "KitchenPlan" */;
			compatibilityVersion = "Xcode 9.3";
			developmentRegion = en;
			hasScannedForEncodings = 0;
			knownRegions = (
				en,
				Base,
			);
			mainGroup = 6D464800263483E3009DCCD3;
			productRefGroup = 6D46480A263483E3009DCCD3 /* Products */;
			projectDirPath = "";
			projectRoot = "";
			targets = (
				6D464808263483E3009DCCD3 /* KitchenPlan */,
				6D46481E263483E4009DCCD3 /* KitchenPlanTests */,
				6D464829263483E4009DCCD3 /* KitchenPlanUITests */,
			);
		};
/* End PBXProject section */

/* Begin PBXResourcesBuildPhase section */
		6D464807263483E3009DCCD3 /* Resources */ = {
			isa = PBXResourcesBuildPhase;
			buildActionMask = 2147483647;
			files = (
				6D464816263483E4009DCCD3 /* Preview Assets.xcassets in Resources */,
				6D464813263483E4009DCCD3 /* Assets.xcassets in Resources */,
			);
			runOnlyForDeploymentPostprocessing = 0;
		};
		6D46481D263483E4009DCCD3 /* Resources */ = {
			isa = PBXResourcesBuildPhase;
			buildActionMask = 2147483647;
			files = (
			);
			runOnlyForDeploymentPostprocessing = 0;
		};
		6D464828263483E4009DCCD3 /* Resources */ = {
			isa = PBXResourcesBuildPhase;
			buildActionMask = 2147483647;
			files = (
			);
			runOnlyForDeploymentPostprocessing = 0;
		};
/* End PBXResourcesBuildPhase section */

/* Begin PBXShellScriptBuildPhase section */
		33883E84741D7802F6347004 /* [CP] Embed Pods Frameworks */ = {
			isa = PBXShellScriptBuildPhase;
			buildActionMask = 2147483647;
			files = (
			);
			inputFileListPaths = (
				"${PODS_ROOT}/Target Support Files/Pods-KitchenPlan-KitchenPlanUITests/Pods-KitchenPlan-KitchenPlanUITests-frameworks-${CONFIGURATION}-input-files.xcfilelist",
			);
			name = "[CP] Embed Pods Frameworks";
			outputFileListPaths = (
				"${PODS_ROOT}/Target Support Files/Pods-KitchenPlan-KitchenPlanUITests/Pods-KitchenPlan-KitchenPlanUITests-frameworks-${CONFIGURATION}-output-files.xcfilelist",
			);
			runOnlyForDeploymentPostprocessing = 0;
			shellPath = /bin/sh;
			shellScript = "\"${PODS_ROOT}/Target Support Files/Pods-KitchenPlan-KitchenPlanUITests/Pods-KitchenPlan-KitchenPlanUITests-frameworks.sh\"\n";
			showEnvVarsInLog = 0;
		};
		3BCA9C95564FEA6D81A111AA /* [CP] Embed Pods Frameworks */ = {
			isa = PBXShellScriptBuildPhase;
			buildActionMask = 2147483647;
			files = (
			);
			inputFileListPaths = (
				"${PODS_ROOT}/Target Support Files/Pods-KitchenPlan/Pods-KitchenPlan-frameworks-${CONFIGURATION}-input-files.xcfilelist",
			);
			name = "[CP] Embed Pods Frameworks";
			outputFileListPaths = (
				"${PODS_ROOT}/Target Support Files/Pods-KitchenPlan/Pods-KitchenPlan-frameworks-${CONFIGURATION}-output-files.xcfilelist",
			);
			runOnlyForDeploymentPostprocessing = 0;
			shellPath = /bin/sh;
			shellScript = "\"${PODS_ROOT}/Target Support Files/Pods-KitchenPlan/Pods-KitchenPlan-frameworks.sh\"\n";
			showEnvVarsInLog = 0;
		};
		3DA225D22216DD61A5F42098 /* [CP] Check Pods Manifest.lock */ = {
			isa = PBXShellScriptBuildPhase;
			buildActionMask = 2147483647;
			files = (
			);
			inputFileListPaths = (
			);
			inputPaths = (
				"${PODS_PODFILE_DIR_PATH}/Podfile.lock",
				"${PODS_ROOT}/Manifest.lock",
			);
			name = "[CP] Check Pods Manifest.lock";
			outputFileListPaths = (
			);
			outputPaths = (
				"$(DERIVED_FILE_DIR)/Pods-KitchenPlanTests-checkManifestLockResult.txt",
			);
			runOnlyForDeploymentPostprocessing = 0;
			shellPath = /bin/sh;
			shellScript = "diff \"${PODS_PODFILE_DIR_PATH}/Podfile.lock\" \"${PODS_ROOT}/Manifest.lock\" > /dev/null\nif [ $? != 0 ] ; then\n    # print error to STDERR\n    echo \"error: The sandbox is not in sync with the Podfile.lock. Run 'pod install' or update your CocoaPods installation.\" >&2\n    exit 1\nfi\n# This output is used by Xcode 'outputs' to avoid re-running this script phase.\necho \"SUCCESS\" > \"${SCRIPT_OUTPUT_FILE_0}\"\n";
			showEnvVarsInLog = 0;
		};
		459359959CE1E91CAD2D511D /* [CP] Check Pods Manifest.lock */ = {
			isa = PBXShellScriptBuildPhase;
			buildActionMask = 2147483647;
			files = (
			);
			inputFileListPaths = (
			);
			inputPaths = (
				"${PODS_PODFILE_DIR_PATH}/Podfile.lock",
				"${PODS_ROOT}/Manifest.lock",
			);
			name = "[CP] Check Pods Manifest.lock";
			outputFileListPaths = (
			);
			outputPaths = (
				"$(DERIVED_FILE_DIR)/Pods-KitchenPlan-checkManifestLockResult.txt",
			);
			runOnlyForDeploymentPostprocessing = 0;
			shellPath = /bin/sh;
			shellScript = "diff \"${PODS_PODFILE_DIR_PATH}/Podfile.lock\" \"${PODS_ROOT}/Manifest.lock\" > /dev/null\nif [ $? != 0 ] ; then\n    # print error to STDERR\n    echo \"error: The sandbox is not in sync with the Podfile.lock. Run 'pod install' or update your CocoaPods installation.\" >&2\n    exit 1\nfi\n# This output is used by Xcode 'outputs' to avoid re-running this script phase.\necho \"SUCCESS\" > \"${SCRIPT_OUTPUT_FILE_0}\"\n";
			showEnvVarsInLog = 0;
		};
		D1656FF18B43C3856F43C203 /* [CP] Check Pods Manifest.lock */ = {
			isa = PBXShellScriptBuildPhase;
			buildActionMask = 2147483647;
			files = (
			);
			inputFileListPaths = (
			);
			inputPaths = (
				"${PODS_PODFILE_DIR_PATH}/Podfile.lock",
				"${PODS_ROOT}/Manifest.lock",
			);
			name = "[CP] Check Pods Manifest.lock";
			outputFileListPaths = (
			);
			outputPaths = (
				"$(DERIVED_FILE_DIR)/Pods-KitchenPlan-KitchenPlanUITests-checkManifestLockResult.txt",
			);
			runOnlyForDeploymentPostprocessing = 0;
			shellPath = /bin/sh;
			shellScript = "diff \"${PODS_PODFILE_DIR_PATH}/Podfile.lock\" \"${PODS_ROOT}/Manifest.lock\" > /dev/null\nif [ $? != 0 ] ; then\n    # print error to STDERR\n    echo \"error: The sandbox is not in sync with the Podfile.lock. Run 'pod install' or update your CocoaPods installation.\" >&2\n    exit 1\nfi\n# This output is used by Xcode 'outputs' to avoid re-running this script phase.\necho \"SUCCESS\" > \"${SCRIPT_OUTPUT_FILE_0}\"\n";
			showEnvVarsInLog = 0;
		};
/* End PBXShellScriptBuildPhase section */

/* Begin PBXSourcesBuildPhase section */
		6D464805263483E3009DCCD3 /* Sources */ = {
			isa = PBXSourcesBuildPhase;
			buildActionMask = 2147483647;
			files = (
				6D46480D263483E3009DCCD3 /* AppDelegate.swift in Sources */,
				6D46480F263483E3009DCCD3 /* SceneDelegate.swift in Sources */,
				6D464811263483E3009DCCD3 /* ContentView.swift in Sources */,
			);
			runOnlyForDeploymentPostprocessing = 0;
		};
		6D46481B263483E4009DCCD3 /* Sources */ = {
			isa = PBXSourcesBuildPhase;
			buildActionMask = 2147483647;
			files = (
				6D464824263483E4009DCCD3 /* KitchenPlanTests.swift in Sources */,
			);
			runOnlyForDeploymentPostprocessing = 0;
		};
		6D464826263483E4009DCCD3 /* Sources */ = {
			isa = PBXSourcesBuildPhase;
			buildActionMask = 2147483647;
			files = (
				6D46482F263483E4009DCCD3 /* KitchenPlanUITests.swift in Sources */,
			);
			runOnlyForDeploymentPostprocessing = 0;
		};
/* End PBXSourcesBuildPhase section */

/* Begin PBXTargetDependency section */
		6D464821263483E4009DCCD3 /* PBXTargetDependency */ = {
			isa = PBXTargetDependency;
			target = 6D464808263483E3009DCCD3 /* KitchenPlan */;
			targetProxy = 6D464820263483E4009DCCD3 /* PBXContainerItemProxy */;
		};
		6D46482C263483E4009DCCD3 /* PBXTargetDependency */ = {
			isa = PBXTargetDependency;
			target = 6D464808263483E3009DCCD3 /* KitchenPlan */;
			targetProxy = 6D46482B263483E4009DCCD3 /* PBXContainerItemProxy */;
		};
/* End PBXTargetDependency section */

/* Begin XCBuildConfiguration section */
		6D464831263483E4009DCCD3 /* Debug */ = {
			isa = XCBuildConfiguration;
			buildSettings = {
				ALWAYS_SEARCH_USER_PATHS = NO;
				CLANG_ANALYZER_NONNULL = YES;
				CLANG_ANALYZER_NUMBER_OBJECT_CONVERSION = YES_AGGRESSIVE;
				CLANG_CXX_LANGUAGE_STANDARD = "gnu++14";
				CLANG_CXX_LIBRARY = "libc++";
				CLANG_ENABLE_MODULES = YES;
				CLANG_ENABLE_OBJC_ARC = YES;
				CLANG_ENABLE_OBJC_WEAK = YES;
				CLANG_WARN_BLOCK_CAPTURE_AUTORELEASING = YES;
				CLANG_WARN_BOOL_CONVERSION = YES;
				CLANG_WARN_COMMA = YES;
				CLANG_WARN_CONSTANT_CONVERSION = YES;
				CLANG_WARN_DEPRECATED_OBJC_IMPLEMENTATIONS = YES;
				CLANG_WARN_DIRECT_OBJC_ISA_USAGE = YES_ERROR;
				CLANG_WARN_DOCUMENTATION_COMMENTS = YES;
				CLANG_WARN_EMPTY_BODY = YES;
				CLANG_WARN_ENUM_CONVERSION = YES;
				CLANG_WARN_INFINITE_RECURSION = YES;
				CLANG_WARN_INT_CONVERSION = YES;
				CLANG_WARN_NON_LITERAL_NULL_CONVERSION = YES;
				CLANG_WARN_OBJC_IMPLICIT_RETAIN_SELF = YES;
				CLANG_WARN_OBJC_LITERAL_CONVERSION = YES;
				CLANG_WARN_OBJC_ROOT_CLASS = YES_ERROR;
				CLANG_WARN_QUOTED_INCLUDE_IN_FRAMEWORK_HEADER = YES;
				CLANG_WARN_RANGE_LOOP_ANALYSIS = YES;
				CLANG_WARN_STRICT_PROTOTYPES = YES;
				CLANG_WARN_SUSPICIOUS_MOVE = YES;
				CLANG_WARN_UNGUARDED_AVAILABILITY = YES_AGGRESSIVE;
				CLANG_WARN_UNREACHABLE_CODE = YES;
				CLANG_WARN__DUPLICATE_METHOD_MATCH = YES;
				COPY_PHASE_STRIP = NO;
				DEBUG_INFORMATION_FORMAT = dwarf;
				ENABLE_STRICT_OBJC_MSGSEND = YES;
				ENABLE_TESTABILITY = YES;
				GCC_C_LANGUAGE_STANDARD = gnu11;
				GCC_DYNAMIC_NO_PIC = NO;
				GCC_NO_COMMON_BLOCKS = YES;
				GCC_OPTIMIZATION_LEVEL = 0;
				GCC_PREPROCESSOR_DEFINITIONS = (
					"DEBUG=1",
					"$(inherited)",
				);
				GCC_WARN_64_TO_32_BIT_CONVERSION = YES;
				GCC_WARN_ABOUT_RETURN_TYPE = YES_ERROR;
				GCC_WARN_UNDECLARED_SELECTOR = YES;
				GCC_WARN_UNINITIALIZED_AUTOS = YES_AGGRESSIVE;
				GCC_WARN_UNUSED_FUNCTION = YES;
				GCC_WARN_UNUSED_VARIABLE = YES;
				IPHONEOS_DEPLOYMENT_TARGET = 13.6;
				MTL_ENABLE_DEBUG_INFO = INCLUDE_SOURCE;
				MTL_FAST_MATH = YES;
				ONLY_ACTIVE_ARCH = YES;
				SDKROOT = iphoneos;
				SWIFT_ACTIVE_COMPILATION_CONDITIONS = DEBUG;
				SWIFT_OPTIMIZATION_LEVEL = "-Onone";
			};
			name = Debug;
		};
		6D464832263483E4009DCCD3 /* Release */ = {
			isa = XCBuildConfiguration;
			buildSettings = {
				ALWAYS_SEARCH_USER_PATHS = NO;
				CLANG_ANALYZER_NONNULL = YES;
				CLANG_ANALYZER_NUMBER_OBJECT_CONVERSION = YES_AGGRESSIVE;
				CLANG_CXX_LANGUAGE_STANDARD = "gnu++14";
				CLANG_CXX_LIBRARY = "libc++";
				CLANG_ENABLE_MODULES = YES;
				CLANG_ENABLE_OBJC_ARC = YES;
				CLANG_ENABLE_OBJC_WEAK = YES;
				CLANG_WARN_BLOCK_CAPTURE_AUTORELEASING = YES;
				CLANG_WARN_BOOL_CONVERSION = YES;
				CLANG_WARN_COMMA = YES;
				CLANG_WARN_CONSTANT_CONVERSION = YES;
				CLANG_WARN_DEPRECATED_OBJC_IMPLEMENTATIONS = YES;
				CLANG_WARN_DIRECT_OBJC_ISA_USAGE = YES_ERROR;
				CLANG_WARN_DOCUMENTATION_COMMENTS = YES;
				CLANG_WARN_EMPTY_BODY = YES;
				CLANG_WARN_ENUM_CONVERSION = YES;
				CLANG_WARN_INFINITE_RECURSION = YES;
				CLANG_WARN_INT_CONVERSION = YES;
				CLANG_WARN_NON_LITERAL_NULL_CONVERSION = YES;
				CLANG_WARN_OBJC_IMPLICIT_RETAIN_SELF = YES;
				CLANG_WARN_OBJC_LITERAL_CONVERSION = YES;
				CLANG_WARN_OBJC_ROOT_CLASS = YES_ERROR;
				CLANG_WARN_QUOTED_INCLUDE_IN_FRAMEWORK_HEADER = YES;
				CLANG_WARN_RANGE_LOOP_ANALYSIS = YES;
				CLANG_WARN_STRICT_PROTOTYPES = YES;
				CLANG_WARN_SUSPICIOUS_MOVE = YES;
				CLANG_WARN_UNGUARDED_AVAILABILITY = YES_AGGRESSIVE;
				CLANG_WARN_UNREACHABLE_CODE = YES;
				CLANG_WARN__DUPLICATE_METHOD_MATCH = YES;
				COPY_PHASE_STRIP = NO;
				DEBUG_INFORMATION_FORMAT = "dwarf-with-dsym";
				ENABLE_NS_ASSERTIONS = NO;
				ENABLE_STRICT_OBJC_MSGSEND = YES;
				GCC_C_LANGUAGE_STANDARD = gnu11;
				GCC_NO_COMMON_BLOCKS = YES;
				GCC_WARN_64_TO_32_BIT_CONVERSION = YES;
				GCC_WARN_ABOUT_RETURN_TYPE = YES_ERROR;
				GCC_WARN_UNDECLARED_SELECTOR = YES;
				GCC_WARN_UNINITIALIZED_AUTOS = YES_AGGRESSIVE;
				GCC_WARN_UNUSED_FUNCTION = YES;
				GCC_WARN_UNUSED_VARIABLE = YES;
				IPHONEOS_DEPLOYMENT_TARGET = 13.6;
				MTL_ENABLE_DEBUG_INFO = NO;
				MTL_FAST_MATH = YES;
				SDKROOT = iphoneos;
				SWIFT_COMPILATION_MODE = wholemodule;
				SWIFT_OPTIMIZATION_LEVEL = "-O";
				VALIDATE_PRODUCT = YES;
			};
			name = Release;
		};
		6D464834263483E4009DCCD3 /* Debug */ = {
			isa = XCBuildConfiguration;
			baseConfigurationReference = 46726ED1B15232B8033D030C /* Pods-KitchenPlan.debug.xcconfig */;
			buildSettings = {
				ASSETCATALOG_COMPILER_APPICON_NAME = AppIcon;
				ASSETCATALOG_COMPILER_GLOBAL_ACCENT_COLOR_NAME = AccentColor;
				CODE_SIGN_STYLE = Automatic;
				DEVELOPMENT_ASSET_PATHS = "\"KitchenPlan/Preview Content\"";
				DEVELOPMENT_TEAM = B72WDFSJH5;
				ENABLE_PREVIEWS = YES;
				INFOPLIST_FILE = KitchenPlan/Info.plist;
				LD_RUNPATH_SEARCH_PATHS = (
					"$(inherited)",
					"@executable_path/Frameworks",
				);
				PRODUCT_BUNDLE_IDENTIFIER = com.softree.KitchenPlan;
				PRODUCT_NAME = "$(TARGET_NAME)";
				SWIFT_VERSION = 5.0;
				TARGETED_DEVICE_FAMILY = "1,2";
			};
			name = Debug;
		};
		6D464835263483E4009DCCD3 /* Release */ = {
			isa = XCBuildConfiguration;
			baseConfigurationReference = 8ED5A3E29B5DE599838A9C4C /* Pods-KitchenPlan.release.xcconfig */;
			buildSettings = {
				ASSETCATALOG_COMPILER_APPICON_NAME = AppIcon;
				ASSETCATALOG_COMPILER_GLOBAL_ACCENT_COLOR_NAME = AccentColor;
				CODE_SIGN_STYLE = Automatic;
				DEVELOPMENT_ASSET_PATHS = "\"KitchenPlan/Preview Content\"";
				DEVELOPMENT_TEAM = B72WDFSJH5;
				ENABLE_PREVIEWS = YES;
				INFOPLIST_FILE = KitchenPlan/Info.plist;
				LD_RUNPATH_SEARCH_PATHS = (
					"$(inherited)",
					"@executable_path/Frameworks",
				);
				PRODUCT_BUNDLE_IDENTIFIER = com.softree.KitchenPlan;
				PRODUCT_NAME = "$(TARGET_NAME)";
				SWIFT_VERSION = 5.0;
				TARGETED_DEVICE_FAMILY = "1,2";
			};
			name = Release;
		};
		6D464837263483E4009DCCD3 /* Debug */ = {
			isa = XCBuildConfiguration;
			baseConfigurationReference = 948658C12932B1496D7E154D /* Pods-KitchenPlanTests.debug.xcconfig */;
			buildSettings = {
				ALWAYS_EMBED_SWIFT_STANDARD_LIBRARIES = YES;
				BUNDLE_LOADER = "$(TEST_HOST)";
				CODE_SIGN_STYLE = Automatic;
				DEVELOPMENT_TEAM = B72WDFSJH5;
				INFOPLIST_FILE = KitchenPlanTests/Info.plist;
				IPHONEOS_DEPLOYMENT_TARGET = 14.5;
				LD_RUNPATH_SEARCH_PATHS = (
					"$(inherited)",
					"@executable_path/Frameworks",
					"@loader_path/Frameworks",
				);
				PRODUCT_BUNDLE_IDENTIFIER = com.softree.KitchenPlanTests;
				PRODUCT_NAME = "$(TARGET_NAME)";
				SWIFT_VERSION = 5.0;
				TARGETED_DEVICE_FAMILY = "1,2";
				TEST_HOST = "$(BUILT_PRODUCTS_DIR)/KitchenPlan.app/KitchenPlan";
			};
			name = Debug;
		};
		6D464838263483E4009DCCD3 /* Release */ = {
			isa = XCBuildConfiguration;
			baseConfigurationReference = EE96DAA122D18A90447F2319 /* Pods-KitchenPlanTests.release.xcconfig */;
			buildSettings = {
				ALWAYS_EMBED_SWIFT_STANDARD_LIBRARIES = YES;
				BUNDLE_LOADER = "$(TEST_HOST)";
				CODE_SIGN_STYLE = Automatic;
				DEVELOPMENT_TEAM = B72WDFSJH5;
				INFOPLIST_FILE = KitchenPlanTests/Info.plist;
				IPHONEOS_DEPLOYMENT_TARGET = 14.5;
				LD_RUNPATH_SEARCH_PATHS = (
					"$(inherited)",
					"@executable_path/Frameworks",
					"@loader_path/Frameworks",
				);
				PRODUCT_BUNDLE_IDENTIFIER = com.softree.KitchenPlanTests;
				PRODUCT_NAME = "$(TARGET_NAME)";
				SWIFT_VERSION = 5.0;
				TARGETED_DEVICE_FAMILY = "1,2";
				TEST_HOST = "$(BUILT_PRODUCTS_DIR)/KitchenPlan.app/KitchenPlan";
			};
			name = Release;
		};
		6D46483A263483E4009DCCD3 /* Debug */ = {
			isa = XCBuildConfiguration;
			baseConfigurationReference = 9BF90BE416267D48C85F5AD8 /* Pods-KitchenPlan-KitchenPlanUITests.debug.xcconfig */;
			buildSettings = {
				ALWAYS_EMBED_SWIFT_STANDARD_LIBRARIES = YES;
				CODE_SIGN_STYLE = Automatic;
				DEVELOPMENT_TEAM = B72WDFSJH5;
				INFOPLIST_FILE = KitchenPlanUITests/Info.plist;
				LD_RUNPATH_SEARCH_PATHS = (
					"$(inherited)",
					"@executable_path/Frameworks",
					"@loader_path/Frameworks",
				);
				PRODUCT_BUNDLE_IDENTIFIER = com.softree.KitchenPlanUITests;
				PRODUCT_NAME = "$(TARGET_NAME)";
				SWIFT_VERSION = 5.0;
				TARGETED_DEVICE_FAMILY = "1,2";
				TEST_TARGET_NAME = KitchenPlan;
			};
			name = Debug;
		};
		6D46483B263483E4009DCCD3 /* Release */ = {
			isa = XCBuildConfiguration;
			baseConfigurationReference = AD95B1AE4B2B1657555BFEAB /* Pods-KitchenPlan-KitchenPlanUITests.release.xcconfig */;
			buildSettings = {
				ALWAYS_EMBED_SWIFT_STANDARD_LIBRARIES = YES;
				CODE_SIGN_STYLE = Automatic;
				DEVELOPMENT_TEAM = B72WDFSJH5;
				INFOPLIST_FILE = KitchenPlanUITests/Info.plist;
				LD_RUNPATH_SEARCH_PATHS = (
					"$(inherited)",
					"@executable_path/Frameworks",
					"@loader_path/Frameworks",
				);
				PRODUCT_BUNDLE_IDENTIFIER = com.softree.KitchenPlanUITests;
				PRODUCT_NAME = "$(TARGET_NAME)";
				SWIFT_VERSION = 5.0;
				TARGETED_DEVICE_FAMILY = "1,2";
				TEST_TARGET_NAME = KitchenPlan;
			};
			name = Release;
		};
/* End XCBuildConfiguration section */

/* Begin XCConfigurationList section */
		6D464804263483E3009DCCD3 /* Build configuration list for PBXProject "KitchenPlan" */ = {
			isa = XCConfigurationList;
			buildConfigurations = (
				6D464831263483E4009DCCD3 /* Debug */,
				6D464832263483E4009DCCD3 /* Release */,
			);
			defaultConfigurationIsVisible = 0;
			defaultConfigurationName = Release;
		};
		6D464833263483E4009DCCD3 /* Build configuration list for PBXNativeTarget "KitchenPlan" */ = {
			isa = XCConfigurationList;
			buildConfigurations = (
				6D464834263483E4009DCCD3 /* Debug */,
				6D464835263483E4009DCCD3 /* Release */,
			);
			defaultConfigurationIsVisible = 0;
			defaultConfigurationName = Release;
		};
		6D464836263483E4009DCCD3 /* Build configuration list for PBXNativeTarget "KitchenPlanTests" */ = {
			isa = XCConfigurationList;
			buildConfigurations = (
				6D464837263483E4009DCCD3 /* Debug */,
				6D464838263483E4009DCCD3 /* Release */,
			);
			defaultConfigurationIsVisible = 0;
			defaultConfigurationName = Release;
		};
		6D464839263483E4009DCCD3 /* Build configuration list for PBXNativeTarget "KitchenPlanUITests" */ = {
			isa = XCConfigurationList;
			buildConfigurations = (
				6D46483A263483E4009DCCD3 /* Debug */,
				6D46483B263483E4009DCCD3 /* Release */,
			);
			defaultConfigurationIsVisible = 0;
			defaultConfigurationName = Release;
		};
/* End XCConfigurationList section */
	};
	rootObject = 6D464801263483E3009DCCD3 /* Project object */;
}
